
Microsoft Visual Studio Solution File, Format Version 12.00
# Visual Studio 14
VisualStudioVersion = 14.0.25420.1
MinimumVisualStudioVersion = 10.0.40219.1
Project("{FAE04EC0-301F-11D3-BF4B-00C04F79EFBC}") = "AiRTech", "AiRTech\AiRTech\AiRTech.csproj", "{80C6A490-5B49-47B9-9324-6BB6BCD035FC}"
EndProject
Project("{FAE04EC0-301F-11D3-BF4B-00C04F79EFBC}") = "AiRTech.Droid", "AiRTech\AiRTech.Droid\AiRTech.Droid.csproj", "{B61A278A-DE8F-465F-9FF6-D808CCE9A0BF}"
EndProject
Project("{FAE04EC0-301F-11D3-BF4B-00C04F79EFBC}") = "AiRTech.iOS", "AiRTech\AiRTech.iOS\AiRTech.iOS.csproj", "{CC2CB3DB-4090-4CF9-95B6-9291BCC6B1EF}"
EndProject
Project("{FAE04EC0-301F-11D3-BF4B-00C04F79EFBC}") = "AiRTech.WinPhone", "AiRTech\AiRTech.WinPhone\AiRTech.WinPhone.csproj", "{A44E58C9-6767-46AA-8E5A-416E5CA2B60F}"
EndProject
Project("{FAE04EC0-301F-11D3-BF4B-00C04F79EFBC}") = "AiRTech.UWP", "AiRTech\AiRTech.UWP\AiRTech.UWP.csproj", "{840B579F-A3FA-4EBA-A3DB-E31FF01D031B}"
EndProject
Project("{FAE04EC0-301F-11D3-BF4B-00C04F79EFBC}") = "AiRTech.Windows", "AiRTech\AiRTech.Windows\AiRTech.Windows.csproj", "{36169A14-B42E-4F25-B33D-ED453D6B1E35}"
EndProject
Project("{FAE04EC0-301F-11D3-BF4B-00C04F79EFBC}") = "AiRTech.Test", "AiRTech.Test\AiRTech.Test.csproj", "{0B7EEB12-BCDD-4202-89C3-E6E209986F71}"
EndProject
Global
	GlobalSection(SolutionConfigurationPlatforms) = preSolution
		Ad-Hoc|Any CPU = Ad-Hoc|Any CPU
		Ad-Hoc|ARM = Ad-Hoc|ARM
		Ad-Hoc|iPhone = Ad-Hoc|iPhone
		Ad-Hoc|iPhoneSimulator = Ad-Hoc|iPhoneSimulator
		Ad-Hoc|x64 = Ad-Hoc|x64
		Ad-Hoc|x86 = Ad-Hoc|x86
		AppStore|Any CPU = AppStore|Any CPU
		AppStore|ARM = AppStore|ARM
		AppStore|iPhone = AppStore|iPhone
		AppStore|iPhoneSimulator = AppStore|iPhoneSimulator
		AppStore|x64 = AppStore|x64
		AppStore|x86 = AppStore|x86
		Debug|Any CPU = Debug|Any CPU
		Debug|ARM = Debug|ARM
		Debug|iPhone = Debug|iPhone
		Debug|iPhoneSimulator = Debug|iPhoneSimulator
		Debug|x64 = Debug|x64
		Debug|x86 = Debug|x86
		Release|Any CPU = Release|Any CPU
		Release|ARM = Release|ARM
		Release|iPhone = Release|iPhone
		Release|iPhoneSimulator = Release|iPhoneSimulator
		Release|x64 = Release|x64
		Release|x86 = Release|x86
	EndGlobalSection
	GlobalSection(ProjectConfigurationPlatforms) = postSolution
		{80C6A490-5B49-47B9-9324-6BB6BCD035FC}.Ad-Hoc|Any CPU.ActiveCfg = Release|Any CPU
		{80C6A490-5B49-47B9-9324-6BB6BCD035FC}.Ad-Hoc|Any CPU.Build.0 = Release|Any CPU
		{80C6A490-5B49-47B9-9324-6BB6BCD035FC}.Ad-Hoc|ARM.ActiveCfg = Release|Any CPU
		{80C6A490-5B49-47B9-9324-6BB6BCD035FC}.Ad-Hoc|ARM.Build.0 = Release|Any CPU
		{80C6A490-5B49-47B9-9324-6BB6BCD035FC}.Ad-Hoc|iPhone.ActiveCfg = Release|Any CPU
		{80C6A490-5B49-47B9-9324-6BB6BCD035FC}.Ad-Hoc|iPhone.Build.0 = Release|Any CPU
		{80C6A490-5B49-47B9-9324-6BB6BCD035FC}.Ad-Hoc|iPhoneSimulator.ActiveCfg = Release|Any CPU
		{80C6A490-5B49-47B9-9324-6BB6BCD035FC}.Ad-Hoc|iPhoneSimulator.Build.0 = Release|Any CPU
		{80C6A490-5B49-47B9-9324-6BB6BCD035FC}.Ad-Hoc|x64.ActiveCfg = Release|Any CPU
		{80C6A490-5B49-47B9-9324-6BB6BCD035FC}.Ad-Hoc|x64.Build.0 = Release|Any CPU
		{80C6A490-5B49-47B9-9324-6BB6BCD035FC}.Ad-Hoc|x86.ActiveCfg = Release|Any CPU
		{80C6A490-5B49-47B9-9324-6BB6BCD035FC}.Ad-Hoc|x86.Build.0 = Release|Any CPU
		{80C6A490-5B49-47B9-9324-6BB6BCD035FC}.AppStore|Any CPU.ActiveCfg = Release|Any CPU
		{80C6A490-5B49-47B9-9324-6BB6BCD035FC}.AppStore|Any CPU.Build.0 = Release|Any CPU
		{80C6A490-5B49-47B9-9324-6BB6BCD035FC}.AppStore|ARM.ActiveCfg = Release|Any CPU
		{80C6A490-5B49-47B9-9324-6BB6BCD035FC}.AppStore|ARM.Build.0 = Release|Any CPU
		{80C6A490-5B49-47B9-9324-6BB6BCD035FC}.AppStore|iPhone.ActiveCfg = Release|Any CPU
		{80C6A490-5B49-47B9-9324-6BB6BCD035FC}.AppStore|iPhone.Build.0 = Release|Any CPU
		{80C6A490-5B49-47B9-9324-6BB6BCD035FC}.AppStore|iPhoneSimulator.ActiveCfg = Release|Any CPU
		{80C6A490-5B49-47B9-9324-6BB6BCD035FC}.AppStore|iPhoneSimulator.Build.0 = Release|Any CPU
		{80C6A490-5B49-47B9-9324-6BB6BCD035FC}.AppStore|x64.ActiveCfg = Release|Any CPU
		{80C6A490-5B49-47B9-9324-6BB6BCD035FC}.AppStore|x64.Build.0 = Release|Any CPU
		{80C6A490-5B49-47B9-9324-6BB6BCD035FC}.AppStore|x86.ActiveCfg = Release|Any CPU
		{80C6A490-5B49-47B9-9324-6BB6BCD035FC}.AppStore|x86.Build.0 = Release|Any CPU
		{80C6A490-5B49-47B9-9324-6BB6BCD035FC}.Debug|Any CPU.ActiveCfg = Debug|Any CPU
		{80C6A490-5B49-47B9-9324-6BB6BCD035FC}.Debug|Any CPU.Build.0 = Debug|Any CPU
		{80C6A490-5B49-47B9-9324-6BB6BCD035FC}.Debug|ARM.ActiveCfg = Debug|Any CPU
		{80C6A490-5B49-47B9-9324-6BB6BCD035FC}.Debug|ARM.Build.0 = Debug|Any CPU
		{80C6A490-5B49-47B9-9324-6BB6BCD035FC}.Debug|iPhone.ActiveCfg = Debug|Any CPU
		{80C6A490-5B49-47B9-9324-6BB6BCD035FC}.Debug|iPhone.Build.0 = Debug|Any CPU
		{80C6A490-5B49-47B9-9324-6BB6BCD035FC}.Debug|iPhoneSimulator.ActiveCfg = Debug|Any CPU
		{80C6A490-5B49-47B9-9324-6BB6BCD035FC}.Debug|iPhoneSimulator.Build.0 = Debug|Any CPU
		{80C6A490-5B49-47B9-9324-6BB6BCD035FC}.Debug|x64.ActiveCfg = Debug|Any CPU
		{80C6A490-5B49-47B9-9324-6BB6BCD035FC}.Debug|x64.Build.0 = Debug|Any CPU
		{80C6A490-5B49-47B9-9324-6BB6BCD035FC}.Debug|x86.ActiveCfg = Debug|Any CPU
		{80C6A490-5B49-47B9-9324-6BB6BCD035FC}.Debug|x86.Build.0 = Debug|Any CPU
		{80C6A490-5B49-47B9-9324-6BB6BCD035FC}.Release|Any CPU.ActiveCfg = Release|Any CPU
		{80C6A490-5B49-47B9-9324-6BB6BCD035FC}.Release|Any CPU.Build.0 = Release|Any CPU
		{80C6A490-5B49-47B9-9324-6BB6BCD035FC}.Release|ARM.ActiveCfg = Release|Any CPU
		{80C6A490-5B49-47B9-9324-6BB6BCD035FC}.Release|ARM.Build.0 = Release|Any CPU
		{80C6A490-5B49-47B9-9324-6BB6BCD035FC}.Release|iPhone.ActiveCfg = Release|Any CPU
		{80C6A490-5B49-47B9-9324-6BB6BCD035FC}.Release|iPhone.Build.0 = Release|Any CPU
		{80C6A490-5B49-47B9-9324-6BB6BCD035FC}.Release|iPhoneSimulator.ActiveCfg = Release|Any CPU
		{80C6A490-5B49-47B9-9324-6BB6BCD035FC}.Release|iPhoneSimulator.Build.0 = Release|Any CPU
		{80C6A490-5B49-47B9-9324-6BB6BCD035FC}.Release|x64.ActiveCfg = Release|Any CPU
		{80C6A490-5B49-47B9-9324-6BB6BCD035FC}.Release|x64.Build.0 = Release|Any CPU
		{80C6A490-5B49-47B9-9324-6BB6BCD035FC}.Release|x86.ActiveCfg = Release|Any CPU
		{80C6A490-5B49-47B9-9324-6BB6BCD035FC}.Release|x86.Build.0 = Release|Any CPU
		{B61A278A-DE8F-465F-9FF6-D808CCE9A0BF}.Ad-Hoc|Any CPU.ActiveCfg = Release|Any CPU
		{B61A278A-DE8F-465F-9FF6-D808CCE9A0BF}.Ad-Hoc|Any CPU.Build.0 = Release|Any CPU
		{B61A278A-DE8F-465F-9FF6-D808CCE9A0BF}.Ad-Hoc|Any CPU.Deploy.0 = Release|Any CPU
		{B61A278A-DE8F-465F-9FF6-D808CCE9A0BF}.Ad-Hoc|ARM.ActiveCfg = Release|Any CPU
		{B61A278A-DE8F-465F-9FF6-D808CCE9A0BF}.Ad-Hoc|ARM.Build.0 = Release|Any CPU
		{B61A278A-DE8F-465F-9FF6-D808CCE9A0BF}.Ad-Hoc|ARM.Deploy.0 = Release|Any CPU
		{B61A278A-DE8F-465F-9FF6-D808CCE9A0BF}.Ad-Hoc|iPhone.ActiveCfg = Release|Any CPU
		{B61A278A-DE8F-465F-9FF6-D808CCE9A0BF}.Ad-Hoc|iPhone.Build.0 = Release|Any CPU
		{B61A278A-DE8F-465F-9FF6-D808CCE9A0BF}.Ad-Hoc|iPhone.Deploy.0 = Release|Any CPU
		{B61A278A-DE8F-465F-9FF6-D808CCE9A0BF}.Ad-Hoc|iPhoneSimulator.ActiveCfg = Release|Any CPU
		{B61A278A-DE8F-465F-9FF6-D808CCE9A0BF}.Ad-Hoc|iPhoneSimulator.Build.0 = Release|Any CPU
		{B61A278A-DE8F-465F-9FF6-D808CCE9A0BF}.Ad-Hoc|iPhoneSimulator.Deploy.0 = Release|Any CPU
		{B61A278A-DE8F-465F-9FF6-D808CCE9A0BF}.Ad-Hoc|x64.ActiveCfg = Release|Any CPU
		{B61A278A-DE8F-465F-9FF6-D808CCE9A0BF}.Ad-Hoc|x64.Build.0 = Release|Any CPU
		{B61A278A-DE8F-465F-9FF6-D808CCE9A0BF}.Ad-Hoc|x64.Deploy.0 = Release|Any CPU
		{B61A278A-DE8F-465F-9FF6-D808CCE9A0BF}.Ad-Hoc|x86.ActiveCfg = Release|Any CPU
		{B61A278A-DE8F-465F-9FF6-D808CCE9A0BF}.Ad-Hoc|x86.Build.0 = Release|Any CPU
		{B61A278A-DE8F-465F-9FF6-D808CCE9A0BF}.Ad-Hoc|x86.Deploy.0 = Release|Any CPU
		{B61A278A-DE8F-465F-9FF6-D808CCE9A0BF}.AppStore|Any CPU.ActiveCfg = Release|Any CPU
		{B61A278A-DE8F-465F-9FF6-D808CCE9A0BF}.AppStore|Any CPU.Build.0 = Release|Any CPU
		{B61A278A-DE8F-465F-9FF6-D808CCE9A0BF}.AppStore|Any CPU.Deploy.0 = Release|Any CPU
		{B61A278A-DE8F-465F-9FF6-D808CCE9A0BF}.AppStore|ARM.ActiveCfg = Release|Any CPU
		{B61A278A-DE8F-465F-9FF6-D808CCE9A0BF}.AppStore|ARM.Build.0 = Release|Any CPU
		{B61A278A-DE8F-465F-9FF6-D808CCE9A0BF}.AppStore|ARM.Deploy.0 = Release|Any CPU
		{B61A278A-DE8F-465F-9FF6-D808CCE9A0BF}.AppStore|iPhone.ActiveCfg = Release|Any CPU
		{B61A278A-DE8F-465F-9FF6-D808CCE9A0BF}.AppStore|iPhone.Build.0 = Release|Any CPU
		{B61A278A-DE8F-465F-9FF6-D808CCE9A0BF}.AppStore|iPhone.Deploy.0 = Release|Any CPU
		{B61A278A-DE8F-465F-9FF6-D808CCE9A0BF}.AppStore|iPhoneSimulator.ActiveCfg = Release|Any CPU
		{B61A278A-DE8F-465F-9FF6-D808CCE9A0BF}.AppStore|iPhoneSimulator.Build.0 = Release|Any CPU
		{B61A278A-DE8F-465F-9FF6-D808CCE9A0BF}.AppStore|iPhoneSimulator.Deploy.0 = Release|Any CPU
		{B61A278A-DE8F-465F-9FF6-D808CCE9A0BF}.AppStore|x64.ActiveCfg = Release|Any CPU
		{B61A278A-DE8F-465F-9FF6-D808CCE9A0BF}.AppStore|x64.Build.0 = Release|Any CPU
		{B61A278A-DE8F-465F-9FF6-D808CCE9A0BF}.AppStore|x64.Deploy.0 = Release|Any CPU
		{B61A278A-DE8F-465F-9FF6-D808CCE9A0BF}.AppStore|x86.ActiveCfg = Release|Any CPU
		{B61A278A-DE8F-465F-9FF6-D808CCE9A0BF}.AppStore|x86.Build.0 = Release|Any CPU
		{B61A278A-DE8F-465F-9FF6-D808CCE9A0BF}.AppStore|x86.Deploy.0 = Release|Any CPU
		{B61A278A-DE8F-465F-9FF6-D808CCE9A0BF}.Debug|Any CPU.ActiveCfg = Debug|Any CPU
		{B61A278A-DE8F-465F-9FF6-D808CCE9A0BF}.Debug|Any CPU.Build.0 = Debug|Any CPU
		{B61A278A-DE8F-465F-9FF6-D808CCE9A0BF}.Debug|Any CPU.Deploy.0 = Debug|Any CPU
		{B61A278A-DE8F-465F-9FF6-D808CCE9A0BF}.Debug|ARM.ActiveCfg = Debug|Any CPU
		{B61A278A-DE8F-465F-9FF6-D808CCE9A0BF}.Debug|ARM.Build.0 = Debug|Any CPU
		{B61A278A-DE8F-465F-9FF6-D808CCE9A0BF}.Debug|ARM.Deploy.0 = Debug|Any CPU
		{B61A278A-DE8F-465F-9FF6-D808CCE9A0BF}.Debug|iPhone.ActiveCfg = Debug|Any CPU
		{B61A278A-DE8F-465F-9FF6-D808CCE9A0BF}.Debug|iPhone.Build.0 = Debug|Any CPU
		{B61A278A-DE8F-465F-9FF6-D808CCE9A0BF}.Debug|iPhone.Deploy.0 = Debug|Any CPU
		{B61A278A-DE8F-465F-9FF6-D808CCE9A0BF}.Debug|iPhoneSimulator.ActiveCfg = Debug|Any CPU
		{B61A278A-DE8F-465F-9FF6-D808CCE9A0BF}.Debug|iPhoneSimulator.Build.0 = Debug|Any CPU
		{B61A278A-DE8F-465F-9FF6-D808CCE9A0BF}.Debug|iPhoneSimulator.Deploy.0 = Debug|Any CPU
		{B61A278A-DE8F-465F-9FF6-D808CCE9A0BF}.Debug|x64.ActiveCfg = Debug|Any CPU
		{B61A278A-DE8F-465F-9FF6-D808CCE9A0BF}.Debug|x64.Build.0 = Debug|Any CPU
		{B61A278A-DE8F-465F-9FF6-D808CCE9A0BF}.Debug|x64.Deploy.0 = Debug|Any CPU
		{B61A278A-DE8F-465F-9FF6-D808CCE9A0BF}.Debug|x86.ActiveCfg = Debug|Any CPU
		{B61A278A-DE8F-465F-9FF6-D808CCE9A0BF}.Debug|x86.Build.0 = Debug|Any CPU
		{B61A278A-DE8F-465F-9FF6-D808CCE9A0BF}.Debug|x86.Deploy.0 = Debug|Any CPU
		{B61A278A-DE8F-465F-9FF6-D808CCE9A0BF}.Release|Any CPU.ActiveCfg = Release|Any CPU
		{B61A278A-DE8F-465F-9FF6-D808CCE9A0BF}.Release|Any CPU.Build.0 = Release|Any CPU
		{B61A278A-DE8F-465F-9FF6-D808CCE9A0BF}.Release|Any CPU.Deploy.0 = Release|Any CPU
		{B61A278A-DE8F-465F-9FF6-D808CCE9A0BF}.Release|ARM.ActiveCfg = Release|Any CPU
		{B61A278A-DE8F-465F-9FF6-D808CCE9A0BF}.Release|ARM.Build.0 = Release|Any CPU
		{B61A278A-DE8F-465F-9FF6-D808CCE9A0BF}.Release|ARM.Deploy.0 = Release|Any CPU
		{B61A278A-DE8F-465F-9FF6-D808CCE9A0BF}.Release|iPhone.ActiveCfg = Release|Any CPU
		{B61A278A-DE8F-465F-9FF6-D808CCE9A0BF}.Release|iPhone.Build.0 = Release|Any CPU
		{B61A278A-DE8F-465F-9FF6-D808CCE9A0BF}.Release|iPhone.Deploy.0 = Release|Any CPU
		{B61A278A-DE8F-465F-9FF6-D808CCE9A0BF}.Release|iPhoneSimulator.ActiveCfg = Release|Any CPU
		{B61A278A-DE8F-465F-9FF6-D808CCE9A0BF}.Release|iPhoneSimulator.Build.0 = Release|Any CPU
		{B61A278A-DE8F-465F-9FF6-D808CCE9A0BF}.Release|iPhoneSimulator.Deploy.0 = Release|Any CPU
		{B61A278A-DE8F-465F-9FF6-D808CCE9A0BF}.Release|x64.ActiveCfg = Release|Any CPU
		{B61A278A-DE8F-465F-9FF6-D808CCE9A0BF}.Release|x64.Build.0 = Release|Any CPU
		{B61A278A-DE8F-465F-9FF6-D808CCE9A0BF}.Release|x64.Deploy.0 = Release|Any CPU
		{B61A278A-DE8F-465F-9FF6-D808CCE9A0BF}.Release|x86.ActiveCfg = Release|Any CPU
		{B61A278A-DE8F-465F-9FF6-D808CCE9A0BF}.Release|x86.Build.0 = Release|Any CPU
		{B61A278A-DE8F-465F-9FF6-D808CCE9A0BF}.Release|x86.Deploy.0 = Release|Any CPU
		{CC2CB3DB-4090-4CF9-95B6-9291BCC6B1EF}.Ad-Hoc|Any CPU.ActiveCfg = Ad-Hoc|iPhone
		{CC2CB3DB-4090-4CF9-95B6-9291BCC6B1EF}.Ad-Hoc|ARM.ActiveCfg = Ad-Hoc|iPhone
		{CC2CB3DB-4090-4CF9-95B6-9291BCC6B1EF}.Ad-Hoc|iPhone.ActiveCfg = Ad-Hoc|iPhone
		{CC2CB3DB-4090-4CF9-95B6-9291BCC6B1EF}.Ad-Hoc|iPhone.Build.0 = Ad-Hoc|iPhone
		{CC2CB3DB-4090-4CF9-95B6-9291BCC6B1EF}.Ad-Hoc|iPhoneSimulator.ActiveCfg = Ad-Hoc|iPhoneSimulator
		{CC2CB3DB-4090-4CF9-95B6-9291BCC6B1EF}.Ad-Hoc|iPhoneSimulator.Build.0 = Ad-Hoc|iPhoneSimulator
		{CC2CB3DB-4090-4CF9-95B6-9291BCC6B1EF}.Ad-Hoc|x64.ActiveCfg = Ad-Hoc|iPhone
		{CC2CB3DB-4090-4CF9-95B6-9291BCC6B1EF}.Ad-Hoc|x86.ActiveCfg = Ad-Hoc|iPhone
		{CC2CB3DB-4090-4CF9-95B6-9291BCC6B1EF}.AppStore|Any CPU.ActiveCfg = AppStore|iPhone
		{CC2CB3DB-4090-4CF9-95B6-9291BCC6B1EF}.AppStore|ARM.ActiveCfg = AppStore|iPhone
		{CC2CB3DB-4090-4CF9-95B6-9291BCC6B1EF}.AppStore|iPhone.ActiveCfg = AppStore|iPhone
		{CC2CB3DB-4090-4CF9-95B6-9291BCC6B1EF}.AppStore|iPhone.Build.0 = AppStore|iPhone
		{CC2CB3DB-4090-4CF9-95B6-9291BCC6B1EF}.AppStore|iPhoneSimulator.ActiveCfg = AppStore|iPhoneSimulator
		{CC2CB3DB-4090-4CF9-95B6-9291BCC6B1EF}.AppStore|iPhoneSimulator.Build.0 = AppStore|iPhoneSimulator
		{CC2CB3DB-4090-4CF9-95B6-9291BCC6B1EF}.AppStore|x64.ActiveCfg = AppStore|iPhone
		{CC2CB3DB-4090-4CF9-95B6-9291BCC6B1EF}.AppStore|x86.ActiveCfg = AppStore|iPhone
		{CC2CB3DB-4090-4CF9-95B6-9291BCC6B1EF}.Debug|Any CPU.ActiveCfg = Debug|iPhone
		{CC2CB3DB-4090-4CF9-95B6-9291BCC6B1EF}.Debug|ARM.ActiveCfg = Debug|iPhone
		{CC2CB3DB-4090-4CF9-95B6-9291BCC6B1EF}.Debug|iPhone.ActiveCfg = Debug|iPhone
		{CC2CB3DB-4090-4CF9-95B6-9291BCC6B1EF}.Debug|iPhone.Build.0 = Debug|iPhone
		{CC2CB3DB-4090-4CF9-95B6-9291BCC6B1EF}.Debug|iPhoneSimulator.ActiveCfg = Debug|iPhoneSimulator
		{CC2CB3DB-4090-4CF9-95B6-9291BCC6B1EF}.Debug|iPhoneSimulator.Build.0 = Debug|iPhoneSimulator
		{CC2CB3DB-4090-4CF9-95B6-9291BCC6B1EF}.Debug|x64.ActiveCfg = Debug|iPhoneSimulator
		{CC2CB3DB-4090-4CF9-95B6-9291BCC6B1EF}.Debug|x86.ActiveCfg = Debug|iPhone
		{CC2CB3DB-4090-4CF9-95B6-9291BCC6B1EF}.Release|Any CPU.ActiveCfg = Release|iPhone
		{CC2CB3DB-4090-4CF9-95B6-9291BCC6B1EF}.Release|ARM.ActiveCfg = Release|iPhone
		{CC2CB3DB-4090-4CF9-95B6-9291BCC6B1EF}.Release|iPhone.ActiveCfg = Release|iPhone
		{CC2CB3DB-4090-4CF9-95B6-9291BCC6B1EF}.Release|iPhone.Build.0 = Release|iPhone
		{CC2CB3DB-4090-4CF9-95B6-9291BCC6B1EF}.Release|iPhoneSimulator.ActiveCfg = Release|iPhoneSimulator
		{CC2CB3DB-4090-4CF9-95B6-9291BCC6B1EF}.Release|iPhoneSimulator.Build.0 = Release|iPhoneSimulator
		{CC2CB3DB-4090-4CF9-95B6-9291BCC6B1EF}.Release|x64.ActiveCfg = Release|iPhone
		{CC2CB3DB-4090-4CF9-95B6-9291BCC6B1EF}.Release|x86.ActiveCfg = Release|iPhone
		{A44E58C9-6767-46AA-8E5A-416E5CA2B60F}.Ad-Hoc|Any CPU.ActiveCfg = Release|Any CPU
		{A44E58C9-6767-46AA-8E5A-416E5CA2B60F}.Ad-Hoc|Any CPU.Build.0 = Release|Any CPU
		{A44E58C9-6767-46AA-8E5A-416E5CA2B60F}.Ad-Hoc|Any CPU.Deploy.0 = Release|Any CPU
		{A44E58C9-6767-46AA-8E5A-416E5CA2B60F}.Ad-Hoc|ARM.ActiveCfg = Release|ARM
		{A44E58C9-6767-46AA-8E5A-416E5CA2B60F}.Ad-Hoc|ARM.Build.0 = Release|ARM
		{A44E58C9-6767-46AA-8E5A-416E5CA2B60F}.Ad-Hoc|ARM.Deploy.0 = Release|ARM
		{A44E58C9-6767-46AA-8E5A-416E5CA2B60F}.Ad-Hoc|iPhone.ActiveCfg = Release|Any CPU
		{A44E58C9-6767-46AA-8E5A-416E5CA2B60F}.Ad-Hoc|iPhone.Build.0 = Release|Any CPU
		{A44E58C9-6767-46AA-8E5A-416E5CA2B60F}.Ad-Hoc|iPhone.Deploy.0 = Release|Any CPU
		{A44E58C9-6767-46AA-8E5A-416E5CA2B60F}.Ad-Hoc|iPhoneSimulator.ActiveCfg = Release|Any CPU
		{A44E58C9-6767-46AA-8E5A-416E5CA2B60F}.Ad-Hoc|iPhoneSimulator.Build.0 = Release|Any CPU
		{A44E58C9-6767-46AA-8E5A-416E5CA2B60F}.Ad-Hoc|iPhoneSimulator.Deploy.0 = Release|Any CPU
		{A44E58C9-6767-46AA-8E5A-416E5CA2B60F}.Ad-Hoc|x64.ActiveCfg = Release|Any CPU
		{A44E58C9-6767-46AA-8E5A-416E5CA2B60F}.Ad-Hoc|x64.Build.0 = Release|Any CPU
		{A44E58C9-6767-46AA-8E5A-416E5CA2B60F}.Ad-Hoc|x64.Deploy.0 = Release|Any CPU
		{A44E58C9-6767-46AA-8E5A-416E5CA2B60F}.Ad-Hoc|x86.ActiveCfg = Release|x86
		{A44E58C9-6767-46AA-8E5A-416E5CA2B60F}.Ad-Hoc|x86.Build.0 = Release|x86
		{A44E58C9-6767-46AA-8E5A-416E5CA2B60F}.Ad-Hoc|x86.Deploy.0 = Release|x86
		{A44E58C9-6767-46AA-8E5A-416E5CA2B60F}.AppStore|Any CPU.ActiveCfg = Release|Any CPU
		{A44E58C9-6767-46AA-8E5A-416E5CA2B60F}.AppStore|Any CPU.Build.0 = Release|Any CPU
		{A44E58C9-6767-46AA-8E5A-416E5CA2B60F}.AppStore|Any CPU.Deploy.0 = Release|Any CPU
		{A44E58C9-6767-46AA-8E5A-416E5CA2B60F}.AppStore|ARM.ActiveCfg = Release|ARM
		{A44E58C9-6767-46AA-8E5A-416E5CA2B60F}.AppStore|ARM.Build.0 = Release|ARM
		{A44E58C9-6767-46AA-8E5A-416E5CA2B60F}.AppStore|ARM.Deploy.0 = Release|ARM
		{A44E58C9-6767-46AA-8E5A-416E5CA2B60F}.AppStore|iPhone.ActiveCfg = Release|Any CPU
		{A44E58C9-6767-46AA-8E5A-416E5CA2B60F}.AppStore|iPhone.Build.0 = Release|Any CPU
		{A44E58C9-6767-46AA-8E5A-416E5CA2B60F}.AppStore|iPhone.Deploy.0 = Release|Any CPU
		{A44E58C9-6767-46AA-8E5A-416E5CA2B60F}.AppStore|iPhoneSimulator.ActiveCfg = Release|Any CPU
		{A44E58C9-6767-46AA-8E5A-416E5CA2B60F}.AppStore|iPhoneSimulator.Build.0 = Release|Any CPU
		{A44E58C9-6767-46AA-8E5A-416E5CA2B60F}.AppStore|iPhoneSimulator.Deploy.0 = Release|Any CPU
		{A44E58C9-6767-46AA-8E5A-416E5CA2B60F}.AppStore|x64.ActiveCfg = Release|Any CPU
		{A44E58C9-6767-46AA-8E5A-416E5CA2B60F}.AppStore|x64.Build.0 = Release|Any CPU
		{A44E58C9-6767-46AA-8E5A-416E5CA2B60F}.AppStore|x64.Deploy.0 = Release|Any CPU
		{A44E58C9-6767-46AA-8E5A-416E5CA2B60F}.AppStore|x86.ActiveCfg = Release|x86
		{A44E58C9-6767-46AA-8E5A-416E5CA2B60F}.AppStore|x86.Build.0 = Release|x86
		{A44E58C9-6767-46AA-8E5A-416E5CA2B60F}.AppStore|x86.Deploy.0 = Release|x86
		{A44E58C9-6767-46AA-8E5A-416E5CA2B60F}.Debug|Any CPU.ActiveCfg = Debug|Any CPU
		{A44E58C9-6767-46AA-8E5A-416E5CA2B60F}.Debug|ARM.ActiveCfg = Debug|ARM
		{A44E58C9-6767-46AA-8E5A-416E5CA2B60F}.Debug|ARM.Build.0 = Debug|ARM
		{A44E58C9-6767-46AA-8E5A-416E5CA2B60F}.Debug|ARM.Deploy.0 = Debug|ARM
		{A44E58C9-6767-46AA-8E5A-416E5CA2B60F}.Debug|iPhone.ActiveCfg = Debug|Any CPU
		{A44E58C9-6767-46AA-8E5A-416E5CA2B60F}.Debug|iPhone.Build.0 = Debug|Any CPU
		{A44E58C9-6767-46AA-8E5A-416E5CA2B60F}.Debug|iPhone.Deploy.0 = Debug|Any CPU
		{A44E58C9-6767-46AA-8E5A-416E5CA2B60F}.Debug|iPhoneSimulator.ActiveCfg = Debug|Any CPU
		{A44E58C9-6767-46AA-8E5A-416E5CA2B60F}.Debug|iPhoneSimulator.Build.0 = Debug|Any CPU
		{A44E58C9-6767-46AA-8E5A-416E5CA2B60F}.Debug|iPhoneSimulator.Deploy.0 = Debug|Any CPU
		{A44E58C9-6767-46AA-8E5A-416E5CA2B60F}.Debug|x64.ActiveCfg = Debug|Any CPU
		{A44E58C9-6767-46AA-8E5A-416E5CA2B60F}.Debug|x86.ActiveCfg = Debug|x86
		{A44E58C9-6767-46AA-8E5A-416E5CA2B60F}.Debug|x86.Build.0 = Debug|x86
		{A44E58C9-6767-46AA-8E5A-416E5CA2B60F}.Debug|x86.Deploy.0 = Debug|x86
		{A44E58C9-6767-46AA-8E5A-416E5CA2B60F}.Release|Any CPU.ActiveCfg = Release|Any CPU
		{A44E58C9-6767-46AA-8E5A-416E5CA2B60F}.Release|Any CPU.Build.0 = Release|Any CPU
		{A44E58C9-6767-46AA-8E5A-416E5CA2B60F}.Release|Any CPU.Deploy.0 = Release|Any CPU
		{A44E58C9-6767-46AA-8E5A-416E5CA2B60F}.Release|ARM.ActiveCfg = Release|ARM
		{A44E58C9-6767-46AA-8E5A-416E5CA2B60F}.Release|ARM.Build.0 = Release|ARM
		{A44E58C9-6767-46AA-8E5A-416E5CA2B60F}.Release|ARM.Deploy.0 = Release|ARM
		{A44E58C9-6767-46AA-8E5A-416E5CA2B60F}.Release|iPhone.ActiveCfg = Release|Any CPU
		{A44E58C9-6767-46AA-8E5A-416E5CA2B60F}.Release|iPhone.Build.0 = Release|Any CPU
		{A44E58C9-6767-46AA-8E5A-416E5CA2B60F}.Release|iPhone.Deploy.0 = Release|Any CPU
		{A44E58C9-6767-46AA-8E5A-416E5CA2B60F}.Release|iPhoneSimulator.ActiveCfg = Release|Any CPU
		{A44E58C9-6767-46AA-8E5A-416E5CA2B60F}.Release|iPhoneSimulator.Build.0 = Release|Any CPU
		{A44E58C9-6767-46AA-8E5A-416E5CA2B60F}.Release|iPhoneSimulator.Deploy.0 = Release|Any CPU
		{A44E58C9-6767-46AA-8E5A-416E5CA2B60F}.Release|x64.ActiveCfg = Release|Any CPU
		{A44E58C9-6767-46AA-8E5A-416E5CA2B60F}.Release|x64.Build.0 = Release|Any CPU
		{A44E58C9-6767-46AA-8E5A-416E5CA2B60F}.Release|x64.Deploy.0 = Release|Any CPU
		{A44E58C9-6767-46AA-8E5A-416E5CA2B60F}.Release|x86.ActiveCfg = Release|x86
		{A44E58C9-6767-46AA-8E5A-416E5CA2B60F}.Release|x86.Build.0 = Release|x86
		{A44E58C9-6767-46AA-8E5A-416E5CA2B60F}.Release|x86.Deploy.0 = Release|x86
		{840B579F-A3FA-4EBA-A3DB-E31FF01D031B}.Ad-Hoc|Any CPU.ActiveCfg = Release|x86
		{840B579F-A3FA-4EBA-A3DB-E31FF01D031B}.Ad-Hoc|Any CPU.Build.0 = Release|x86
		{840B579F-A3FA-4EBA-A3DB-E31FF01D031B}.Ad-Hoc|Any CPU.Deploy.0 = Release|x86
		{840B579F-A3FA-4EBA-A3DB-E31FF01D031B}.Ad-Hoc|ARM.ActiveCfg = Release|ARM
		{840B579F-A3FA-4EBA-A3DB-E31FF01D031B}.Ad-Hoc|ARM.Build.0 = Release|ARM
		{840B579F-A3FA-4EBA-A3DB-E31FF01D031B}.Ad-Hoc|ARM.Deploy.0 = Release|ARM
		{840B579F-A3FA-4EBA-A3DB-E31FF01D031B}.Ad-Hoc|iPhone.ActiveCfg = Release|x86
		{840B579F-A3FA-4EBA-A3DB-E31FF01D031B}.Ad-Hoc|iPhone.Build.0 = Release|x86
		{840B579F-A3FA-4EBA-A3DB-E31FF01D031B}.Ad-Hoc|iPhone.Deploy.0 = Release|x86
		{840B579F-A3FA-4EBA-A3DB-E31FF01D031B}.Ad-Hoc|iPhoneSimulator.ActiveCfg = Release|x86
		{840B579F-A3FA-4EBA-A3DB-E31FF01D031B}.Ad-Hoc|iPhoneSimulator.Build.0 = Release|x86
		{840B579F-A3FA-4EBA-A3DB-E31FF01D031B}.Ad-Hoc|iPhoneSimulator.Deploy.0 = Release|x86
		{840B579F-A3FA-4EBA-A3DB-E31FF01D031B}.Ad-Hoc|x64.ActiveCfg = Release|x64
		{840B579F-A3FA-4EBA-A3DB-E31FF01D031B}.Ad-Hoc|x64.Build.0 = Release|x64
		{840B579F-A3FA-4EBA-A3DB-E31FF01D031B}.Ad-Hoc|x64.Deploy.0 = Release|x64
		{840B579F-A3FA-4EBA-A3DB-E31FF01D031B}.Ad-Hoc|x86.ActiveCfg = Release|x86
		{840B579F-A3FA-4EBA-A3DB-E31FF01D031B}.Ad-Hoc|x86.Build.0 = Release|x86
		{840B579F-A3FA-4EBA-A3DB-E31FF01D031B}.Ad-Hoc|x86.Deploy.0 = Release|x86
		{840B579F-A3FA-4EBA-A3DB-E31FF01D031B}.AppStore|Any CPU.ActiveCfg = Release|x86
		{840B579F-A3FA-4EBA-A3DB-E31FF01D031B}.AppStore|Any CPU.Build.0 = Release|x86
		{840B579F-A3FA-4EBA-A3DB-E31FF01D031B}.AppStore|Any CPU.Deploy.0 = Release|x86
		{840B579F-A3FA-4EBA-A3DB-E31FF01D031B}.AppStore|ARM.ActiveCfg = Release|ARM
		{840B579F-A3FA-4EBA-A3DB-E31FF01D031B}.AppStore|ARM.Build.0 = Release|ARM
		{840B579F-A3FA-4EBA-A3DB-E31FF01D031B}.AppStore|ARM.Deploy.0 = Release|ARM
		{840B579F-A3FA-4EBA-A3DB-E31FF01D031B}.AppStore|iPhone.ActiveCfg = Release|x86
		{840B579F-A3FA-4EBA-A3DB-E31FF01D031B}.AppStore|iPhone.Build.0 = Release|x86
		{840B579F-A3FA-4EBA-A3DB-E31FF01D031B}.AppStore|iPhone.Deploy.0 = Release|x86
		{840B579F-A3FA-4EBA-A3DB-E31FF01D031B}.AppStore|iPhoneSimulator.ActiveCfg = Release|x86
		{840B579F-A3FA-4EBA-A3DB-E31FF01D031B}.AppStore|iPhoneSimulator.Build.0 = Release|x86
		{840B579F-A3FA-4EBA-A3DB-E31FF01D031B}.AppStore|iPhoneSimulator.Deploy.0 = Release|x86
		{840B579F-A3FA-4EBA-A3DB-E31FF01D031B}.AppStore|x64.ActiveCfg = Release|x64
		{840B579F-A3FA-4EBA-A3DB-E31FF01D031B}.AppStore|x64.Build.0 = Release|x64
		{840B579F-A3FA-4EBA-A3DB-E31FF01D031B}.AppStore|x64.Deploy.0 = Release|x64
		{840B579F-A3FA-4EBA-A3DB-E31FF01D031B}.AppStore|x86.ActiveCfg = Release|x86
		{840B579F-A3FA-4EBA-A3DB-E31FF01D031B}.AppStore|x86.Build.0 = Release|x86
		{840B579F-A3FA-4EBA-A3DB-E31FF01D031B}.AppStore|x86.Deploy.0 = Release|x86
		{840B579F-A3FA-4EBA-A3DB-E31FF01D031B}.Debug|Any CPU.ActiveCfg = Debug|x86
		{840B579F-A3FA-4EBA-A3DB-E31FF01D031B}.Debug|Any CPU.Build.0 = Debug|x86
		{840B579F-A3FA-4EBA-A3DB-E31FF01D031B}.Debug|Any CPU.Deploy.0 = Debug|x86
		{840B579F-A3FA-4EBA-A3DB-E31FF01D031B}.Debug|ARM.ActiveCfg = Debug|ARM
		{840B579F-A3FA-4EBA-A3DB-E31FF01D031B}.Debug|ARM.Build.0 = Debug|ARM
		{840B579F-A3FA-4EBA-A3DB-E31FF01D031B}.Debug|ARM.Deploy.0 = Debug|ARM
		{840B579F-A3FA-4EBA-A3DB-E31FF01D031B}.Debug|iPhone.ActiveCfg = Debug|x86
		{840B579F-A3FA-4EBA-A3DB-E31FF01D031B}.Debug|iPhoneSimulator.ActiveCfg = Debug|x86
		{840B579F-A3FA-4EBA-A3DB-E31FF01D031B}.Debug|x64.ActiveCfg = Debug|x64
		{840B579F-A3FA-4EBA-A3DB-E31FF01D031B}.Debug|x64.Build.0 = Debug|x64
		{840B579F-A3FA-4EBA-A3DB-E31FF01D031B}.Debug|x64.Deploy.0 = Debug|x64
		{840B579F-A3FA-4EBA-A3DB-E31FF01D031B}.Debug|x86.ActiveCfg = Debug|x86
		{840B579F-A3FA-4EBA-A3DB-E31FF01D031B}.Debug|x86.Build.0 = Debug|x86
		{840B579F-A3FA-4EBA-A3DB-E31FF01D031B}.Debug|x86.Deploy.0 = Debug|x86
		{840B579F-A3FA-4EBA-A3DB-E31FF01D031B}.Release|Any CPU.ActiveCfg = Release|x86
		{840B579F-A3FA-4EBA-A3DB-E31FF01D031B}.Release|ARM.ActiveCfg = Release|ARM
		{840B579F-A3FA-4EBA-A3DB-E31FF01D031B}.Release|ARM.Build.0 = Release|ARM
		{840B579F-A3FA-4EBA-A3DB-E31FF01D031B}.Release|ARM.Deploy.0 = Release|ARM
		{840B579F-A3FA-4EBA-A3DB-E31FF01D031B}.Release|iPhone.ActiveCfg = Release|x86
		{840B579F-A3FA-4EBA-A3DB-E31FF01D031B}.Release|iPhoneSimulator.ActiveCfg = Release|x86
		{840B579F-A3FA-4EBA-A3DB-E31FF01D031B}.Release|x64.ActiveCfg = Release|x64
		{840B579F-A3FA-4EBA-A3DB-E31FF01D031B}.Release|x64.Build.0 = Release|x64
		{840B579F-A3FA-4EBA-A3DB-E31FF01D031B}.Release|x64.Deploy.0 = Release|x64
		{840B579F-A3FA-4EBA-A3DB-E31FF01D031B}.Release|x86.ActiveCfg = Release|x86
		{840B579F-A3FA-4EBA-A3DB-E31FF01D031B}.Release|x86.Build.0 = Release|x86
		{840B579F-A3FA-4EBA-A3DB-E31FF01D031B}.Release|x86.Deploy.0 = Release|x86
		{36169A14-B42E-4F25-B33D-ED453D6B1E35}.Ad-Hoc|Any CPU.ActiveCfg = Release|Any CPU
		{36169A14-B42E-4F25-B33D-ED453D6B1E35}.Ad-Hoc|Any CPU.Build.0 = Release|Any CPU
		{36169A14-B42E-4F25-B33D-ED453D6B1E35}.Ad-Hoc|Any CPU.Deploy.0 = Release|Any CPU
		{36169A14-B42E-4F25-B33D-ED453D6B1E35}.Ad-Hoc|ARM.ActiveCfg = Release|ARM
		{36169A14-B42E-4F25-B33D-ED453D6B1E35}.Ad-Hoc|ARM.Build.0 = Release|ARM
		{36169A14-B42E-4F25-B33D-ED453D6B1E35}.Ad-Hoc|ARM.Deploy.0 = Release|ARM
		{36169A14-B42E-4F25-B33D-ED453D6B1E35}.Ad-Hoc|iPhone.ActiveCfg = Release|Any CPU
		{36169A14-B42E-4F25-B33D-ED453D6B1E35}.Ad-Hoc|iPhone.Build.0 = Release|Any CPU
		{36169A14-B42E-4F25-B33D-ED453D6B1E35}.Ad-Hoc|iPhone.Deploy.0 = Release|Any CPU
		{36169A14-B42E-4F25-B33D-ED453D6B1E35}.Ad-Hoc|iPhoneSimulator.ActiveCfg = Release|Any CPU
		{36169A14-B42E-4F25-B33D-ED453D6B1E35}.Ad-Hoc|iPhoneSimulator.Build.0 = Release|Any CPU
		{36169A14-B42E-4F25-B33D-ED453D6B1E35}.Ad-Hoc|iPhoneSimulator.Deploy.0 = Release|Any CPU
		{36169A14-B42E-4F25-B33D-ED453D6B1E35}.Ad-Hoc|x64.ActiveCfg = Release|x64
		{36169A14-B42E-4F25-B33D-ED453D6B1E35}.Ad-Hoc|x64.Build.0 = Release|x64
		{36169A14-B42E-4F25-B33D-ED453D6B1E35}.Ad-Hoc|x64.Deploy.0 = Release|x64
		{36169A14-B42E-4F25-B33D-ED453D6B1E35}.Ad-Hoc|x86.ActiveCfg = Release|x86
		{36169A14-B42E-4F25-B33D-ED453D6B1E35}.Ad-Hoc|x86.Build.0 = Release|x86
		{36169A14-B42E-4F25-B33D-ED453D6B1E35}.Ad-Hoc|x86.Deploy.0 = Release|x86
		{36169A14-B42E-4F25-B33D-ED453D6B1E35}.AppStore|Any CPU.ActiveCfg = Release|Any CPU
		{36169A14-B42E-4F25-B33D-ED453D6B1E35}.AppStore|Any CPU.Build.0 = Release|Any CPU
		{36169A14-B42E-4F25-B33D-ED453D6B1E35}.AppStore|Any CPU.Deploy.0 = Release|Any CPU
		{36169A14-B42E-4F25-B33D-ED453D6B1E35}.AppStore|ARM.ActiveCfg = Release|ARM
		{36169A14-B42E-4F25-B33D-ED453D6B1E35}.AppStore|ARM.Build.0 = Release|ARM
		{36169A14-B42E-4F25-B33D-ED453D6B1E35}.AppStore|ARM.Deploy.0 = Release|ARM
		{36169A14-B42E-4F25-B33D-ED453D6B1E35}.AppStore|iPhone.ActiveCfg = Release|Any CPU
		{36169A14-B42E-4F25-B33D-ED453D6B1E35}.AppStore|iPhone.Build.0 = Release|Any CPU
		{36169A14-B42E-4F25-B33D-ED453D6B1E35}.AppStore|iPhone.Deploy.0 = Release|Any CPU
		{36169A14-B42E-4F25-B33D-ED453D6B1E35}.AppStore|iPhoneSimulator.ActiveCfg = Release|Any CPU
		{36169A14-B42E-4F25-B33D-ED453D6B1E35}.AppStore|iPhoneSimulator.Build.0 = Release|Any CPU
		{36169A14-B42E-4F25-B33D-ED453D6B1E35}.AppStore|iPhoneSimulator.Deploy.0 = Release|Any CPU
		{36169A14-B42E-4F25-B33D-ED453D6B1E35}.AppStore|x64.ActiveCfg = Release|x64
		{36169A14-B42E-4F25-B33D-ED453D6B1E35}.AppStore|x64.Build.0 = Release|x64
		{36169A14-B42E-4F25-B33D-ED453D6B1E35}.AppStore|x64.Deploy.0 = Release|x64
		{36169A14-B42E-4F25-B33D-ED453D6B1E35}.AppStore|x86.ActiveCfg = Release|x86
		{36169A14-B42E-4F25-B33D-ED453D6B1E35}.AppStore|x86.Build.0 = Release|x86
		{36169A14-B42E-4F25-B33D-ED453D6B1E35}.AppStore|x86.Deploy.0 = Release|x86
		{36169A14-B42E-4F25-B33D-ED453D6B1E35}.Debug|Any CPU.ActiveCfg = Debug|Any CPU
		{36169A14-B42E-4F25-B33D-ED453D6B1E35}.Debug|ARM.ActiveCfg = Debug|ARM
		{36169A14-B42E-4F25-B33D-ED453D6B1E35}.Debug|ARM.Build.0 = Debug|ARM
		{36169A14-B42E-4F25-B33D-ED453D6B1E35}.Debug|ARM.Deploy.0 = Debug|ARM
		{36169A14-B42E-4F25-B33D-ED453D6B1E35}.Debug|iPhone.ActiveCfg = Debug|Any CPU
		{36169A14-B42E-4F25-B33D-ED453D6B1E35}.Debug|iPhone.Build.0 = Debug|Any CPU
		{36169A14-B42E-4F25-B33D-ED453D6B1E35}.Debug|iPhone.Deploy.0 = Debug|Any CPU
		{36169A14-B42E-4F25-B33D-ED453D6B1E35}.Debug|iPhoneSimulator.ActiveCfg = Debug|Any CPU
		{36169A14-B42E-4F25-B33D-ED453D6B1E35}.Debug|iPhoneSimulator.Build.0 = Debug|Any CPU
		{36169A14-B42E-4F25-B33D-ED453D6B1E35}.Debug|iPhoneSimulator.Deploy.0 = Debug|Any CPU
		{36169A14-B42E-4F25-B33D-ED453D6B1E35}.Debug|x64.ActiveCfg = Debug|x64
		{36169A14-B42E-4F25-B33D-ED453D6B1E35}.Debug|x86.ActiveCfg = Debug|x86
		{36169A14-B42E-4F25-B33D-ED453D6B1E35}.Debug|x86.Build.0 = Debug|x86
		{36169A14-B42E-4F25-B33D-ED453D6B1E35}.Debug|x86.Deploy.0 = Debug|x86
		{36169A14-B42E-4F25-B33D-ED453D6B1E35}.Release|Any CPU.ActiveCfg = Release|Any CPU
		{36169A14-B42E-4F25-B33D-ED453D6B1E35}.Release|Any CPU.Build.0 = Release|Any CPU
		{36169A14-B42E-4F25-B33D-ED453D6B1E35}.Release|Any CPU.Deploy.0 = Release|Any CPU
		{36169A14-B42E-4F25-B33D-ED453D6B1E35}.Release|ARM.ActiveCfg = Release|ARM
		{36169A14-B42E-4F25-B33D-ED453D6B1E35}.Release|ARM.Build.0 = Release|ARM
		{36169A14-B42E-4F25-B33D-ED453D6B1E35}.Release|ARM.Deploy.0 = Release|ARM
		{36169A14-B42E-4F25-B33D-ED453D6B1E35}.Release|iPhone.ActiveCfg = Release|Any CPU
		{36169A14-B42E-4F25-B33D-ED453D6B1E35}.Release|iPhone.Build.0 = Release|Any CPU
		{36169A14-B42E-4F25-B33D-ED453D6B1E35}.Release|iPhone.Deploy.0 = Release|Any CPU
		{36169A14-B42E-4F25-B33D-ED453D6B1E35}.Release|iPhoneSimulator.ActiveCfg = Release|Any CPU
		{36169A14-B42E-4F25-B33D-ED453D6B1E35}.Release|iPhoneSimulator.Build.0 = Release|Any CPU
		{36169A14-B42E-4F25-B33D-ED453D6B1E35}.Release|iPhoneSimulator.Deploy.0 = Release|Any CPU
		{36169A14-B42E-4F25-B33D-ED453D6B1E35}.Release|x64.ActiveCfg = Release|x64
		{36169A14-B42E-4F25-B33D-ED453D6B1E35}.Release|x64.Build.0 = Release|x64
		{36169A14-B42E-4F25-B33D-ED453D6B1E35}.Release|x64.Deploy.0 = Release|x64
		{36169A14-B42E-4F25-B33D-ED453D6B1E35}.Release|x86.ActiveCfg = Release|x86
		{36169A14-B42E-4F25-B33D-ED453D6B1E35}.Release|x86.Build.0 = Release|x86
		{36169A14-B42E-4F25-B33D-ED453D6B1E35}.Release|x86.Deploy.0 = Release|x86
		{0B7EEB12-BCDD-4202-89C3-E6E209986F71}.Ad-Hoc|Any CPU.ActiveCfg = Release|Any CPU
		{0B7EEB12-BCDD-4202-89C3-E6E209986F71}.Ad-Hoc|Any CPU.Build.0 = Release|Any CPU
		{0B7EEB12-BCDD-4202-89C3-E6E209986F71}.Ad-Hoc|ARM.ActiveCfg = Release|Any CPU
		{0B7EEB12-BCDD-4202-89C3-E6E209986F71}.Ad-Hoc|ARM.Build.0 = Release|Any CPU
		{0B7EEB12-BCDD-4202-89C3-E6E209986F71}.Ad-Hoc|iPhone.ActiveCfg = Release|Any CPU
		{0B7EEB12-BCDD-4202-89C3-E6E209986F71}.Ad-Hoc|iPhone.Build.0 = Release|Any CPU
		{0B7EEB12-BCDD-4202-89C3-E6E209986F71}.Ad-Hoc|iPhoneSimulator.ActiveCfg = Release|Any CPU
		{0B7EEB12-BCDD-4202-89C3-E6E209986F71}.Ad-Hoc|iPhoneSimulator.Build.0 = Release|Any CPU
		{0B7EEB12-BCDD-4202-89C3-E6E209986F71}.Ad-Hoc|x64.ActiveCfg = Release|Any CPU
		{0B7EEB12-BCDD-4202-89C3-E6E209986F71}.Ad-Hoc|x64.Build.0 = Release|Any CPU
		{0B7EEB12-BCDD-4202-89C3-E6E209986F71}.Ad-Hoc|x86.ActiveCfg = Release|Any CPU
		{0B7EEB12-BCDD-4202-89C3-E6E209986F71}.Ad-Hoc|x86.Build.0 = Release|Any CPU
		{0B7EEB12-BCDD-4202-89C3-E6E209986F71}.AppStore|Any CPU.ActiveCfg = Release|Any CPU
		{0B7EEB12-BCDD-4202-89C3-E6E209986F71}.AppStore|Any CPU.Build.0 = Release|Any CPU
		{0B7EEB12-BCDD-4202-89C3-E6E209986F71}.AppStore|ARM.ActiveCfg = Release|Any CPU
		{0B7EEB12-BCDD-4202-89C3-E6E209986F71}.AppStore|ARM.Build.0 = Release|Any CPU
		{0B7EEB12-BCDD-4202-89C3-E6E209986F71}.AppStore|iPhone.ActiveCfg = Release|Any CPU
		{0B7EEB12-BCDD-4202-89C3-E6E209986F71}.AppStore|iPhone.Build.0 = Release|Any CPU
		{0B7EEB12-BCDD-4202-89C3-E6E209986F71}.AppStore|iPhoneSimulator.ActiveCfg = Release|Any CPU
		{0B7EEB12-BCDD-4202-89C3-E6E209986F71}.AppStore|iPhoneSimulator.Build.0 = Release|Any CPU
		{0B7EEB12-BCDD-4202-89C3-E6E209986F71}.AppStore|x64.ActiveCfg = Release|Any CPU
		{0B7EEB12-BCDD-4202-89C3-E6E209986F71}.AppStore|x64.Build.0 = Release|Any CPU
		{0B7EEB12-BCDD-4202-89C3-E6E209986F71}.AppStore|x86.ActiveCfg = Release|Any CPU
		{0B7EEB12-BCDD-4202-89C3-E6E209986F71}.AppStore|x86.Build.0 = Release|Any CPU
		{0B7EEB12-BCDD-4202-89C3-E6E209986F71}.Debug|Any CPU.ActiveCfg = Debug|Any CPU
		{0B7EEB12-BCDD-4202-89C3-E6E209986F71}.Debug|Any CPU.Build.0 = Debug|Any CPU
		{0B7EEB12-BCDD-4202-89C3-E6E209986F71}.Debug|ARM.ActiveCfg = Debug|Any CPU
		{0B7EEB12-BCDD-4202-89C3-E6E209986F71}.Debug|ARM.Build.0 = Debug|Any CPU
		{0B7EEB12-BCDD-4202-89C3-E6E209986F71}.Debug|iPhone.ActiveCfg = Debug|Any CPU
		{0B7EEB12-BCDD-4202-89C3-E6E209986F71}.Debug|iPhone.Build.0 = Debug|Any CPU
		{0B7EEB12-BCDD-4202-89C3-E6E209986F71}.Debug|iPhoneSimulator.ActiveCfg = Debug|Any CPU
		{0B7EEB12-BCDD-4202-89C3-E6E209986F71}.Debug|iPhoneSimulator.Build.0 = Debug|Any CPU
		{0B7EEB12-BCDD-4202-89C3-E6E209986F71}.Debug|x64.ActiveCfg = Debug|Any CPU
		{0B7EEB12-BCDD-4202-89C3-E6E209986F71}.Debug|x64.Build.0 = Debug|Any CPU
		{0B7EEB12-BCDD-4202-89C3-E6E209986F71}.Debug|x86.ActiveCfg = Debug|Any CPU
		{0B7EEB12-BCDD-4202-89C3-E6E209986F71}.Debug|x86.Build.0 = Debug|Any CPU
		{0B7EEB12-BCDD-4202-89C3-E6E209986F71}.Release|Any CPU.ActiveCfg = Release|Any CPU
		{0B7EEB12-BCDD-4202-89C3-E6E209986F71}.Release|Any CPU.Build.0 = Release|Any CPU
		{0B7EEB12-BCDD-4202-89C3-E6E209986F71}.Release|ARM.ActiveCfg = Release|Any CPU
		{0B7EEB12-BCDD-4202-89C3-E6E209986F71}.Release|ARM.Build.0 = Release|Any CPU
		{0B7EEB12-BCDD-4202-89C3-E6E209986F71}.Release|iPhone.ActiveCfg = Release|Any CPU
		{0B7EEB12-BCDD-4202-89C3-E6E209986F71}.Release|iPhone.Build.0 = Release|Any CPU
		{0B7EEB12-BCDD-4202-89C3-E6E209986F71}.Release|iPhoneSimulator.ActiveCfg = Release|Any CPU
		{0B7EEB12-BCDD-4202-89C3-E6E209986F71}.Release|iPhoneSimulator.Build.0 = Release|Any CPU
		{0B7EEB12-BCDD-4202-89C3-E6E209986F71}.Release|x64.ActiveCfg = Release|Any CPU
		{0B7EEB12-BCDD-4202-89C3-E6E209986F71}.Release|x64.Build.0 = Release|Any CPU
		{0B7EEB12-BCDD-4202-89C3-E6E209986F71}.Release|x86.ActiveCfg = Release|Any CPU
		{0B7EEB12-BCDD-4202-89C3-E6E209986F71}.Release|x86.Build.0 = Release|Any CPU
	EndGlobalSection
	GlobalSection(SolutionProperties) = preSolution
		HideSolutionNode = FALSE
	EndGlobalSection
EndGlobal
